
Microsoft Visual Studio Solution File, Format Version 12.00
Project("{FAE04EC0-301F-11D3-BF4B-00C04F79EFBC}") = "OneWare.Essentials", "src\OneWare.Essentials\OneWare.Essentials.csproj", "{02A8AB8A-C9AB-4272-8FE6-852DAABCE52C}"
EndProject
Global
	GlobalSection(SolutionConfigurationPlatforms) = preSolution
		Debug|Any CPU = Debug|Any CPU
		Release|Any CPU = Release|Any CPU
	EndGlobalSection
	GlobalSection(ProjectConfigurationPlatforms) = postSolution
		{02A8AB8A-C9AB-4272-8FE6-852DAABCE52C}.Debug|Any CPU.ActiveCfg = Debug|Any CPU
		{02A8AB8A-C9AB-4272-8FE6-852DAABCE52C}.Debug|Any CPU.Build.0 = Debug|Any CPU
		{02A8AB8A-C9AB-4272-8FE6-852DAABCE52C}.Release|Any CPU.ActiveCfg = Release|Any CPU
		{02A8AB8A-C9AB-4272-8FE6-852DAABCE52C}.Release|Any CPU.Build.0 = Release|Any CPU
	EndGlobalSection
EndGlobal
